<Solution>
  <Folder Name="/src/">
    <Project Path="src/Nyautomator.Automation.VRChat/Nyautomator.Automation.VRChat.csproj" />
    <Project Path="src/Nyautomator.Module.VRChat/Nyautomator.Module.VRChat.csproj" />
    <Project Path="src/Nyautomator.VRChat/Nyautomator.VRChat.csproj" />
  </Folder>
  <Folder Name="/tests/">
    <Project Path="tests/Nyautomator.VRChat.Tests/Nyautomator.VRChat.Tests.csproj" />
  </Folder>
</Solution>
